// !$*UTF8*$!
{
	archiveVersion = 1;
	classes = {
	};
	objectVersion = 56;
	objects = {

/* Begin PBXBuildFile section */
		632F71A328F89051009EF6D1 /* AppDelegate.swift in Sources */ = {isa = PBXBuildFile; fileRef = 632F71A228F89051009EF6D1 /* AppDelegate.swift */; };
		632F71A728F89051009EF6D1 /* ViewController.swift in Sources */ = {isa = PBXBuildFile; fileRef = 632F71A628F89051009EF6D1 /* ViewController.swift */; };
		632F71AC28F89056009EF6D1 /* Assets.xcassets in Resources */ = {isa = PBXBuildFile; fileRef = 632F71AB28F89056009EF6D1 /* Assets.xcassets */; };
		632F71AF28F89056009EF6D1 /* LaunchScreen.storyboard in Resources */ = {isa = PBXBuildFile; fileRef = 632F71AD28F89056009EF6D1 /* LaunchScreen.storyboard */; };
		632F71C528F8A446009EF6D1 /* ExtentionUIColor.swift in Sources */ = {isa = PBXBuildFile; fileRef = 632F71C428F8A446009EF6D1 /* ExtentionUIColor.swift */; };
		632F71C728F8A4B1009EF6D1 /* PizzaModuleConfigurator.swift in Sources */ = {isa = PBXBuildFile; fileRef = 632F71C628F8A4B1009EF6D1 /* PizzaModuleConfigurator.swift */; };
		632F71C928F8A4C3009EF6D1 /* PizzaRouter.swift in Sources */ = {isa = PBXBuildFile; fileRef = 632F71C828F8A4C3009EF6D1 /* PizzaRouter.swift */; };
		632F71CB28F8A4D8009EF6D1 /* PizzaPresenter.swift in Sources */ = {isa = PBXBuildFile; fileRef = 632F71CA28F8A4D8009EF6D1 /* PizzaPresenter.swift */; };
		632F71CD28F8A4FB009EF6D1 /* PizzaView.swift in Sources */ = {isa = PBXBuildFile; fileRef = 632F71CC28F8A4FB009EF6D1 /* PizzaView.swift */; };
		75286EA2DE73F6F12875A430 /* Pods_Abrosov_Hammer_Systems.framework in Frameworks */ = {isa = PBXBuildFile; fileRef = E7C478C00C9061CF1F4581F0 /* Pods_Abrosov_Hammer_Systems.framework */; };
/* End PBXBuildFile section */

/* Begin PBXFileReference section */
		6015579B2D8A5966D1C2FF1D /* Pods-Abrosov-Hammer-Systems.release.xcconfig */ = {isa = PBXFileReference; includeInIndex = 1; lastKnownFileType = text.xcconfig; name = "Pods-Abrosov-Hammer-Systems.release.xcconfig"; path = "Target Support Files/Pods-Abrosov-Hammer-Systems/Pods-Abrosov-Hammer-Systems.release.xcconfig"; sourceTree = "<group>"; };
		632F719F28F89051009EF6D1 /* Abrosov-Hammer-Systems.app */ = {isa = PBXFileReference; explicitFileType = wrapper.application; includeInIndex = 0; path = "Abrosov-Hammer-Systems.app"; sourceTree = BUILT_PRODUCTS_DIR; };
		632F71A228F89051009EF6D1 /* AppDelegate.swift */ = {isa = PBXFileReference; lastKnownFileType = sourcecode.swift; path = AppDelegate.swift; sourceTree = "<group>"; };
		632F71A628F89051009EF6D1 /* ViewController.swift */ = {isa = PBXFileReference; lastKnownFileType = sourcecode.swift; path = ViewController.swift; sourceTree = "<group>"; };
		632F71AB28F89056009EF6D1 /* Assets.xcassets */ = {isa = PBXFileReference; lastKnownFileType = folder.assetcatalog; path = Assets.xcassets; sourceTree = "<group>"; };
		632F71AE28F89056009EF6D1 /* Base */ = {isa = PBXFileReference; lastKnownFileType = file.storyboard; name = Base; path = Base.lproj/LaunchScreen.storyboard; sourceTree = "<group>"; };
		632F71B028F89056009EF6D1 /* Info.plist */ = {isa = PBXFileReference; lastKnownFileType = text.plist.xml; path = Info.plist; sourceTree = "<group>"; };
		632F71C428F8A446009EF6D1 /* ExtentionUIColor.swift */ = {isa = PBXFileReference; lastKnownFileType = sourcecode.swift; path = ExtentionUIColor.swift; sourceTree = "<group>"; };
		632F71C628F8A4B1009EF6D1 /* PizzaModuleConfigurator.swift */ = {isa = PBXFileReference; lastKnownFileType = sourcecode.swift; path = PizzaModuleConfigurator.swift; sourceTree = "<group>"; };
		632F71C828F8A4C3009EF6D1 /* PizzaRouter.swift */ = {isa = PBXFileReference; lastKnownFileType = sourcecode.swift; path = PizzaRouter.swift; sourceTree = "<group>"; };
		632F71CA28F8A4D8009EF6D1 /* PizzaPresenter.swift */ = {isa = PBXFileReference; lastKnownFileType = sourcecode.swift; path = PizzaPresenter.swift; sourceTree = "<group>"; };
		632F71CC28F8A4FB009EF6D1 /* PizzaView.swift */ = {isa = PBXFileReference; lastKnownFileType = sourcecode.swift; path = PizzaView.swift; sourceTree = "<group>"; };
		ACA27CE7A66CD0E808884B00 /* Pods-Abrosov-Hammer-Systems.debug.xcconfig */ = {isa = PBXFileReference; includeInIndex = 1; lastKnownFileType = text.xcconfig; name = "Pods-Abrosov-Hammer-Systems.debug.xcconfig"; path = "Target Support Files/Pods-Abrosov-Hammer-Systems/Pods-Abrosov-Hammer-Systems.debug.xcconfig"; sourceTree = "<group>"; };
		E7C478C00C9061CF1F4581F0 /* Pods_Abrosov_Hammer_Systems.framework */ = {isa = PBXFileReference; explicitFileType = wrapper.framework; includeInIndex = 0; path = Pods_Abrosov_Hammer_Systems.framework; sourceTree = BUILT_PRODUCTS_DIR; };
/* End PBXFileReference section */

/* Begin PBXFrameworksBuildPhase section */
		632F719C28F89051009EF6D1 /* Frameworks */ = {
			isa = PBXFrameworksBuildPhase;
			buildActionMask = 2147483647;
			files = (
				75286EA2DE73F6F12875A430 /* Pods_Abrosov_Hammer_Systems.framework in Frameworks */,
			);
			runOnlyForDeploymentPostprocessing = 0;
		};
/* End PBXFrameworksBuildPhase section */

/* Begin PBXGroup section */
		286B67FD8D840720A88D4F24 /* Pods */ = {
			isa = PBXGroup;
			children = (
				ACA27CE7A66CD0E808884B00 /* Pods-Abrosov-Hammer-Systems.debug.xcconfig */,
				6015579B2D8A5966D1C2FF1D /* Pods-Abrosov-Hammer-Systems.release.xcconfig */,
			);
			name = Pods;
			path = Pods;
			sourceTree = "<group>";
		};
		632F719628F89051009EF6D1 = {
			isa = PBXGroup;
			children = (
				632F71A128F89051009EF6D1 /* Abrosov-Hammer-Systems */,
				632F71A028F89051009EF6D1 /* Products */,
				286B67FD8D840720A88D4F24 /* Pods */,
				E4817E3D84B20D49DACE92FE /* Frameworks */,
			);
			sourceTree = "<group>";
		};
		632F71A028F89051009EF6D1 /* Products */ = {
			isa = PBXGroup;
			children = (
				632F719F28F89051009EF6D1 /* Abrosov-Hammer-Systems.app */,
			);
			name = Products;
			sourceTree = "<group>";
		};
		632F71A128F89051009EF6D1 /* Abrosov-Hammer-Systems */ = {
			isa = PBXGroup;
			children = (
				632F71B728F8A2DF009EF6D1 /* Apple's support files */,
				632F71B828F8A301009EF6D1 /* Helpers */,
				632F71C228F8A3D1009EF6D1 /* Extensions */,
				632F71B928F8A333009EF6D1 /* Modules */,
				632F71B028F89056009EF6D1 /* Info.plist */,
			);
			path = "Abrosov-Hammer-Systems";
			sourceTree = "<group>";
		};
		632F71B728F8A2DF009EF6D1 /* Apple's support files */ = {
			isa = PBXGroup;
			children = (
				632F71AD28F89056009EF6D1 /* LaunchScreen.storyboard */,
				632F71AB28F89056009EF6D1 /* Assets.xcassets */,
			);
			path = "Apple's support files";
			sourceTree = "<group>";
		};
		632F71B828F8A301009EF6D1 /* Helpers */ = {
			isa = PBXGroup;
			children = (
			);
			path = Helpers;
			sourceTree = "<group>";
		};
		632F71B928F8A333009EF6D1 /* Modules */ = {
			isa = PBXGroup;
			children = (
				632F71C328F8A3EC009EF6D1 /* Main */,
				632F71BC28F8A362009EF6D1 /* Pizza */,
			);
			path = Modules;
			sourceTree = "<group>";
		};
		632F71BC28F8A362009EF6D1 /* Pizza */ = {
			isa = PBXGroup;
			children = (
				632F71C128F8A3AB009EF6D1 /* Model */,
				632F71C028F8A3A6009EF6D1 /* View */,
				632F71BF28F8A39D009EF6D1 /* Presenter */,
				632F71BE28F8A391009EF6D1 /* Router */,
				632F71BD28F8A379009EF6D1 /* Configurator */,
			);
			path = Pizza;
			sourceTree = "<group>";
		};
		632F71BD28F8A379009EF6D1 /* Configurator */ = {
			isa = PBXGroup;
			children = (
				632F71C628F8A4B1009EF6D1 /* PizzaModuleConfigurator.swift */,
			);
			path = Configurator;
			sourceTree = "<group>";
		};
		632F71BE28F8A391009EF6D1 /* Router */ = {
			isa = PBXGroup;
			children = (
				632F71C828F8A4C3009EF6D1 /* PizzaRouter.swift */,
			);
			path = Router;
			sourceTree = "<group>";
		};
		632F71BF28F8A39D009EF6D1 /* Presenter */ = {
			isa = PBXGroup;
			children = (
				632F71CA28F8A4D8009EF6D1 /* PizzaPresenter.swift */,
			);
			path = Presenter;
			sourceTree = "<group>";
		};
		632F71C028F8A3A6009EF6D1 /* View */ = {
			isa = PBXGroup;
			children = (
				632F71CC28F8A4FB009EF6D1 /* PizzaView.swift */,
			);
			path = View;
			sourceTree = "<group>";
		};
		632F71C128F8A3AB009EF6D1 /* Model */ = {
			isa = PBXGroup;
			children = (
			);
			path = Model;
			sourceTree = "<group>";
		};
		632F71C228F8A3D1009EF6D1 /* Extensions */ = {
			isa = PBXGroup;
			children = (
				632F71C428F8A446009EF6D1 /* ExtentionUIColor.swift */,
			);
			path = Extensions;
			sourceTree = "<group>";
		};
		632F71C328F8A3EC009EF6D1 /* Main */ = {
			isa = PBXGroup;
			children = (
				632F71A228F89051009EF6D1 /* AppDelegate.swift */,
				632F71A628F89051009EF6D1 /* ViewController.swift */,
			);
			path = Main;
			sourceTree = "<group>";
		};
		E4817E3D84B20D49DACE92FE /* Frameworks */ = {
			isa = PBXGroup;
			children = (
				E7C478C00C9061CF1F4581F0 /* Pods_Abrosov_Hammer_Systems.framework */,
			);
			name = Frameworks;
			sourceTree = "<group>";
		};
/* End PBXGroup section */

/* Begin PBXNativeTarget section */
		632F719E28F89051009EF6D1 /* Abrosov-Hammer-Systems */ = {
			isa = PBXNativeTarget;
			buildConfigurationList = 632F71B328F89056009EF6D1 /* Build configuration list for PBXNativeTarget "Abrosov-Hammer-Systems" */;
			buildPhases = (
				2DA77D681F002BBDD3063540 /* [CP] Check Pods Manifest.lock */,
				632F719B28F89051009EF6D1 /* Sources */,
				632F719C28F89051009EF6D1 /* Frameworks */,
				632F719D28F89051009EF6D1 /* Resources */,
				B12874493B50570B0F0E0C0C /* [CP] Embed Pods Frameworks */,
			);
			buildRules = (
			);
			dependencies = (
			);
			name = "Abrosov-Hammer-Systems";
			productName = "Abrosov-Hammer-Systems";
			productReference = 632F719F28F89051009EF6D1 /* Abrosov-Hammer-Systems.app */;
			productType = "com.apple.product-type.application";
		};
/* End PBXNativeTarget section */

/* Begin PBXProject section */
		632F719728F89051009EF6D1 /* Project object */ = {
			isa = PBXProject;
			attributes = {
				BuildIndependentTargetsInParallel = 1;
				LastSwiftUpdateCheck = 1400;
				LastUpgradeCheck = 1400;
				TargetAttributes = {
					632F719E28F89051009EF6D1 = {
						CreatedOnToolsVersion = 14.0.1;
					};
				};
			};
			buildConfigurationList = 632F719A28F89051009EF6D1 /* Build configuration list for PBXProject "Abrosov-Hammer-Systems" */;
			compatibilityVersion = "Xcode 14.0";
			developmentRegion = en;
			hasScannedForEncodings = 0;
			knownRegions = (
				en,
				Base,
			);
			mainGroup = 632F719628F89051009EF6D1;
			productRefGroup = 632F71A028F89051009EF6D1 /* Products */;
			projectDirPath = "";
			projectRoot = "";
			targets = (
				632F719E28F89051009EF6D1 /* Abrosov-Hammer-Systems */,
			);
		};
/* End PBXProject section */

/* Begin PBXResourcesBuildPhase section */
		632F719D28F89051009EF6D1 /* Resources */ = {
			isa = PBXResourcesBuildPhase;
			buildActionMask = 2147483647;
			files = (
				632F71AF28F89056009EF6D1 /* LaunchScreen.storyboard in Resources */,
				632F71AC28F89056009EF6D1 /* Assets.xcassets in Resources */,
			);
			runOnlyForDeploymentPostprocessing = 0;
		};
/* End PBXResourcesBuildPhase section */

/* Begin PBXShellScriptBuildPhase section */
		2DA77D681F002BBDD3063540 /* [CP] Check Pods Manifest.lock */ = {
			isa = PBXShellScriptBuildPhase;
			buildActionMask = 2147483647;
			files = (
			);
			inputFileListPaths = (
			);
			inputPaths = (
				"${PODS_PODFILE_DIR_PATH}/Podfile.lock",
				"${PODS_ROOT}/Manifest.lock",
			);
			name = "[CP] Check Pods Manifest.lock";
			outputFileListPaths = (
			);
			outputPaths = (
				"$(DERIVED_FILE_DIR)/Pods-Abrosov-Hammer-Systems-checkManifestLockResult.txt",
			);
			runOnlyForDeploymentPostprocessing = 0;
			shellPath = /bin/sh;
			shellScript = "diff \"${PODS_PODFILE_DIR_PATH}/Podfile.lock\" \"${PODS_ROOT}/Manifest.lock\" > /dev/null\nif [ $? != 0 ] ; then\n    # print error to STDERR\n    echo \"error: The sandbox is not in sync with the Podfile.lock. Run 'pod install' or update your CocoaPods installation.\" >&2\n    exit 1\nfi\n# This output is used by Xcode 'outputs' to avoid re-running this script phase.\necho \"SUCCESS\" > \"${SCRIPT_OUTPUT_FILE_0}\"\n";
			showEnvVarsInLog = 0;
		};
		B12874493B50570B0F0E0C0C /* [CP] Embed Pods Frameworks */ = {
			isa = PBXShellScriptBuildPhase;
			buildActionMask = 2147483647;
			files = (
			);
			inputFileListPaths = (
				"${PODS_ROOT}/Target Support Files/Pods-Abrosov-Hammer-Systems/Pods-Abrosov-Hammer-Systems-frameworks-${CONFIGURATION}-input-files.xcfilelist",
			);
			name = "[CP] Embed Pods Frameworks";
			outputFileListPaths = (
				"${PODS_ROOT}/Target Support Files/Pods-Abrosov-Hammer-Systems/Pods-Abrosov-Hammer-Systems-frameworks-${CONFIGURATION}-output-files.xcfilelist",
			);
			runOnlyForDeploymentPostprocessing = 0;
			shellPath = /bin/sh;
			shellScript = "\"${PODS_ROOT}/Target Support Files/Pods-Abrosov-Hammer-Systems/Pods-Abrosov-Hammer-Systems-frameworks.sh\"\n";
			showEnvVarsInLog = 0;
		};
/* End PBXShellScriptBuildPhase section */

/* Begin PBXSourcesBuildPhase section */
		632F719B28F89051009EF6D1 /* Sources */ = {
			isa = PBXSourcesBuildPhase;
			buildActionMask = 2147483647;
			files = (
				632F71C928F8A4C3009EF6D1 /* PizzaRouter.swift in Sources */,
				632F71CB28F8A4D8009EF6D1 /* PizzaPresenter.swift in Sources */,
				632F71A728F89051009EF6D1 /* ViewController.swift in Sources */,
				632F71C528F8A446009EF6D1 /* ExtentionUIColor.swift in Sources */,
				632F71A328F89051009EF6D1 /* AppDelegate.swift in Sources */,
				632F71C728F8A4B1009EF6D1 /* PizzaModuleConfigurator.swift in Sources */,
				632F71CD28F8A4FB009EF6D1 /* PizzaView.swift in Sources */,
			);
			runOnlyForDeploymentPostprocessing = 0;
		};
/* End PBXSourcesBuildPhase section */

/* Begin PBXVariantGroup section */
		632F71AD28F89056009EF6D1 /* LaunchScreen.storyboard */ = {
			isa = PBXVariantGroup;
			children = (
				632F71AE28F89056009EF6D1 /* Base */,
			);
			name = LaunchScreen.storyboard;
			sourceTree = "<group>";
		};
/* End PBXVariantGroup section */

/* Begin XCBuildConfiguration section */
		632F71B128F89056009EF6D1 /* Debug */ = {
			isa = XCBuildConfiguration;
			buildSettings = {
				ALWAYS_SEARCH_USER_PATHS = NO;
				CLANG_ANALYZER_NONNULL = YES;
				CLANG_ANALYZER_NUMBER_OBJECT_CONVERSION = YES_AGGRESSIVE;
				CLANG_CXX_LANGUAGE_STANDARD = "gnu++20";
				CLANG_ENABLE_MODULES = YES;
				CLANG_ENABLE_OBJC_ARC = YES;
				CLANG_ENABLE_OBJC_WEAK = YES;
				CLANG_WARN_BLOCK_CAPTURE_AUTORELEASING = YES;
				CLANG_WARN_BOOL_CONVERSION = YES;
				CLANG_WARN_COMMA = YES;
				CLANG_WARN_CONSTANT_CONVERSION = YES;
				CLANG_WARN_DEPRECATED_OBJC_IMPLEMENTATIONS = YES;
				CLANG_WARN_DIRECT_OBJC_ISA_USAGE = YES_ERROR;
				CLANG_WARN_DOCUMENTATION_COMMENTS = YES;
				CLANG_WARN_EMPTY_BODY = YES;
				CLANG_WARN_ENUM_CONVERSION = YES;
				CLANG_WARN_INFINITE_RECURSION = YES;
				CLANG_WARN_INT_CONVERSION = YES;
				CLANG_WARN_NON_LITERAL_NULL_CONVERSION = YES;
				CLANG_WARN_OBJC_IMPLICIT_RETAIN_SELF = YES;
				CLANG_WARN_OBJC_LITERAL_CONVERSION = YES;
				CLANG_WARN_OBJC_ROOT_CLASS = YES_ERROR;
				CLANG_WARN_QUOTED_INCLUDE_IN_FRAMEWORK_HEADER = YES;
				CLANG_WARN_RANGE_LOOP_ANALYSIS = YES;
				CLANG_WARN_STRICT_PROTOTYPES = YES;
				CLANG_WARN_SUSPICIOUS_MOVE = YES;
				CLANG_WARN_UNGUARDED_AVAILABILITY = YES_AGGRESSIVE;
				CLANG_WARN_UNREACHABLE_CODE = YES;
				CLANG_WARN__DUPLICATE_METHOD_MATCH = YES;
				COPY_PHASE_STRIP = NO;
				DEBUG_INFORMATION_FORMAT = dwarf;
				ENABLE_STRICT_OBJC_MSGSEND = YES;
				ENABLE_TESTABILITY = YES;
				GCC_C_LANGUAGE_STANDARD = gnu11;
				GCC_DYNAMIC_NO_PIC = NO;
				GCC_NO_COMMON_BLOCKS = YES;
				GCC_OPTIMIZATION_LEVEL = 0;
				GCC_PREPROCESSOR_DEFINITIONS = (
					"DEBUG=1",
					"$(inherited)",
				);
				GCC_WARN_64_TO_32_BIT_CONVERSION = YES;
				GCC_WARN_ABOUT_RETURN_TYPE = YES_ERROR;
				GCC_WARN_UNDECLARED_SELECTOR = YES;
				GCC_WARN_UNINITIALIZED_AUTOS = YES_AGGRESSIVE;
				GCC_WARN_UNUSED_FUNCTION = YES;
				GCC_WARN_UNUSED_VARIABLE = YES;
				IPHONEOS_DEPLOYMENT_TARGET = 16.0;
				MTL_ENABLE_DEBUG_INFO = INCLUDE_SOURCE;
				MTL_FAST_MATH = YES;
				ONLY_ACTIVE_ARCH = YES;
				SDKROOT = iphoneos;
				SWIFT_ACTIVE_COMPILATION_CONDITIONS = DEBUG;
				SWIFT_OPTIMIZATION_LEVEL = "-Onone";
			};
			name = Debug;
		};
		632F71B228F89056009EF6D1 /* Release */ = {
			isa = XCBuildConfiguration;
			buildSettings = {
				ALWAYS_SEARCH_USER_PATHS = NO;
				CLANG_ANALYZER_NONNULL = YES;
				CLANG_ANALYZER_NUMBER_OBJECT_CONVERSION = YES_AGGRESSIVE;
				CLANG_CXX_LANGUAGE_STANDARD = "gnu++20";
				CLANG_ENABLE_MODULES = YES;
				CLANG_ENABLE_OBJC_ARC = YES;
				CLANG_ENABLE_OBJC_WEAK = YES;
				CLANG_WARN_BLOCK_CAPTURE_AUTORELEASING = YES;
				CLANG_WARN_BOOL_CONVERSION = YES;
				CLANG_WARN_COMMA = YES;
				CLANG_WARN_CONSTANT_CONVERSION = YES;
				CLANG_WARN_DEPRECATED_OBJC_IMPLEMENTATIONS = YES;
				CLANG_WARN_DIRECT_OBJC_ISA_USAGE = YES_ERROR;
				CLANG_WARN_DOCUMENTATION_COMMENTS = YES;
				CLANG_WARN_EMPTY_BODY = YES;
				CLANG_WARN_ENUM_CONVERSION = YES;
				CLANG_WARN_INFINITE_RECURSION = YES;
				CLANG_WARN_INT_CONVERSION = YES;
				CLANG_WARN_NON_LITERAL_NULL_CONVERSION = YES;
				CLANG_WARN_OBJC_IMPLICIT_RETAIN_SELF = YES;
				CLANG_WARN_OBJC_LITERAL_CONVERSION = YES;
				CLANG_WARN_OBJC_ROOT_CLASS = YES_ERROR;
				CLANG_WARN_QUOTED_INCLUDE_IN_FRAMEWORK_HEADER = YES;
				CLANG_WARN_RANGE_LOOP_ANALYSIS = YES;
				CLANG_WARN_STRICT_PROTOTYPES = YES;
				CLANG_WARN_SUSPICIOUS_MOVE = YES;
				CLANG_WARN_UNGUARDED_AVAILABILITY = YES_AGGRESSIVE;
				CLANG_WARN_UNREACHABLE_CODE = YES;
				CLANG_WARN__DUPLICATE_METHOD_MATCH = YES;
				COPY_PHASE_STRIP = NO;
				DEBUG_INFORMATION_FORMAT = "dwarf-with-dsym";
				ENABLE_NS_ASSERTIONS = NO;
				ENABLE_STRICT_OBJC_MSGSEND = YES;
				GCC_C_LANGUAGE_STANDARD = gnu11;
				GCC_NO_COMMON_BLOCKS = YES;
				GCC_WARN_64_TO_32_BIT_CONVERSION = YES;
				GCC_WARN_ABOUT_RETURN_TYPE = YES_ERROR;
				GCC_WARN_UNDECLARED_SELECTOR = YES;
				GCC_WARN_UNINITIALIZED_AUTOS = YES_AGGRESSIVE;
				GCC_WARN_UNUSED_FUNCTION = YES;
				GCC_WARN_UNUSED_VARIABLE = YES;
				IPHONEOS_DEPLOYMENT_TARGET = 16.0;
				MTL_ENABLE_DEBUG_INFO = NO;
				MTL_FAST_MATH = YES;
				SDKROOT = iphoneos;
				SWIFT_COMPILATION_MODE = wholemodule;
				SWIFT_OPTIMIZATION_LEVEL = "-O";
				VALIDATE_PRODUCT = YES;
			};
			name = Release;
		};
		632F71B428F89056009EF6D1 /* Debug */ = {
			isa = XCBuildConfiguration;
			baseConfigurationReference = ACA27CE7A66CD0E808884B00 /* Pods-Abrosov-Hammer-Systems.debug.xcconfig */;
			buildSettings = {
				ASSETCATALOG_COMPILER_APPICON_NAME = AppIcon;
				ASSETCATALOG_COMPILER_GLOBAL_ACCENT_COLOR_NAME = AccentColor;
				CODE_SIGN_STYLE = Automatic;
				CURRENT_PROJECT_VERSION = 1;
				DEVELOPMENT_TEAM = V6LT92FY3N;
				GENERATE_INFOPLIST_FILE = YES;
				INFOPLIST_FILE = "Abrosov-Hammer-Systems/Info.plist";
				INFOPLIST_KEY_UIApplicationSupportsIndirectInputEvents = YES;
				INFOPLIST_KEY_UILaunchStoryboardName = LaunchScreen;
				INFOPLIST_KEY_UISupportedInterfaceOrientations_iPad = "UIInterfaceOrientationPortrait UIInterfaceOrientationPortraitUpsideDown UIInterfaceOrientationLandscapeLeft UIInterfaceOrientationLandscapeRight";
				INFOPLIST_KEY_UISupportedInterfaceOrientations_iPhone = "UIInterfaceOrientationPortrait UIInterfaceOrientationLandscapeLeft UIInterfaceOrientationLandscapeRight";
				LD_RUNPATH_SEARCH_PATHS = (
					"$(inherited)",
					"@executable_path/Frameworks",
				);
				MARKETING_VERSION = 1.0;
				PRODUCT_BUNDLE_IDENTIFIER = "abrosov-sergey.Abrosov-Hammer-Systems";
				PRODUCT_NAME = "$(TARGET_NAME)";
				SWIFT_EMIT_LOC_STRINGS = YES;
				SWIFT_VERSION = 5.0;
				TARGETED_DEVICE_FAMILY = "1,2";
			};
			name = Debug;
		};
		632F71B528F89056009EF6D1 /* Release */ = {
			isa = XCBuildConfiguration;
			baseConfigurationReference = 6015579B2D8A5966D1C2FF1D /* Pods-Abrosov-Hammer-Systems.release.xcconfig */;
			buildSettings = {
				ASSETCATALOG_COMPILER_APPICON_NAME = AppIcon;
				ASSETCATALOG_COMPILER_GLOBAL_ACCENT_COLOR_NAME = AccentColor;
				CODE_SIGN_STYLE = Automatic;
				CURRENT_PROJECT_VERSION = 1;
				DEVELOPMENT_TEAM = V6LT92FY3N;
				GENERATE_INFOPLIST_FILE = YES;
				INFOPLIST_FILE = "Abrosov-Hammer-Systems/Info.plist";
				INFOPLIST_KEY_UIApplicationSupportsIndirectInputEvents = YES;
				INFOPLIST_KEY_UILaunchStoryboardName = LaunchScreen;
				INFOPLIST_KEY_UISupportedInterfaceOrientations_iPad = "UIInterfaceOrientationPortrait UIInterfaceOrientationPortraitUpsideDown UIInterfaceOrientationLandscapeLeft UIInterfaceOrientationLandscapeRight";
				INFOPLIST_KEY_UISupportedInterfaceOrientations_iPhone = "UIInterfaceOrientationPortrait UIInterfaceOrientationLandscapeLeft UIInterfaceOrientationLandscapeRight";
				LD_RUNPATH_SEARCH_PATHS = (
					"$(inherited)",
					"@executable_path/Frameworks",
				);
				MARKETING_VERSION = 1.0;
				PRODUCT_BUNDLE_IDENTIFIER = "abrosov-sergey.Abrosov-Hammer-Systems";
				PRODUCT_NAME = "$(TARGET_NAME)";
				SWIFT_EMIT_LOC_STRINGS = YES;
				SWIFT_VERSION = 5.0;
				TARGETED_DEVICE_FAMILY = "1,2";
			};
			name = Release;
		};
/* End XCBuildConfiguration section */

/* Begin XCConfigurationList section */
		632F719A28F89051009EF6D1 /* Build configuration list for PBXProject "Abrosov-Hammer-Systems" */ = {
			isa = XCConfigurationList;
			buildConfigurations = (
				632F71B128F89056009EF6D1 /* Debug */,
				632F71B228F89056009EF6D1 /* Release */,
			);
			defaultConfigurationIsVisible = 0;
			defaultConfigurationName = Release;
		};
		632F71B328F89056009EF6D1 /* Build configuration list for PBXNativeTarget "Abrosov-Hammer-Systems" */ = {
			isa = XCConfigurationList;
			buildConfigurations = (
				632F71B428F89056009EF6D1 /* Debug */,
				632F71B528F89056009EF6D1 /* Release */,
			);
			defaultConfigurationIsVisible = 0;
			defaultConfigurationName = Release;
		};
/* End XCConfigurationList section */
	};
	rootObject = 632F719728F89051009EF6D1 /* Project object */;
}
